
Microsoft Visual Studio Solution File, Format Version 12.00
# Visual Studio Version 17
VisualStudioVersion = 17.8.34309.116
MinimumVisualStudioVersion = 10.0.40219.1
Project("{FAE04EC0-301F-11D3-BF4B-00C04F79EFBC}") = "KadiovVehicleCare", "KadiovVehicleCare\KadiovVehicleCare.csproj", "{914CE46C-5550-41E1-973C-829BD679753B}"
EndProject
Global
	GlobalSection(SolutionConfigurationPlatforms) = preSolution
		Debug|Any CPU = Debug|Any CPU
		Release|Any CPU = Release|Any CPU
	EndGlobalSection
	GlobalSection(ProjectConfigurationPlatforms) = postSolution
		{914CE46C-5550-41E1-973C-829BD679753B}.Debug|Any CPU.ActiveCfg = Debug|Any CPU
		{914CE46C-5550-41E1-973C-829BD679753B}.Debug|Any CPU.Build.0 = Debug|Any CPU
		{914CE46C-5550-41E1-973C-829BD679753B}.Release|Any CPU.ActiveCfg = Release|Any CPU
		{914CE46C-5550-41E1-973C-829BD679753B}.Release|Any CPU.Build.0 = Release|Any CPU
	EndGlobalSection
	GlobalSection(SolutionProperties) = preSolution
		HideSolutionNode = FALSE
	EndGlobalSection
	GlobalSection(ExtensibilityGlobals) = postSolution
		SolutionGuid = {1F11FF3F-8E60-41E5-A696-7DA729FD43A7}
	EndGlobalSection
EndGlobal
